
Microsoft Visual Studio Solution File, Format Version 12.00
# Visual Studio 15
VisualStudioVersion = 15.0.27705.0
MinimumVisualStudioVersion = 10.0.40219.1
Project("{FAE04EC0-301F-11D3-BF4B-00C04F79EFBC}") = "EETLauncherWPF", "EETLauncher\EETLauncherWPF.csproj", "{40FBE520-1105-47F9-8E57-247AC1A26D10}"
EndProject
Global
	GlobalSection(SolutionConfigurationPlatforms) = preSolution
		Debug|Any CPU = Debug|Any CPU
		Release|Any CPU = Release|Any CPU
	EndGlobalSection
	GlobalSection(ProjectConfigurationPlatforms) = postSolution
		{40FBE520-1105-47F9-8E57-247AC1A26D10}.Debug|Any CPU.ActiveCfg = Debug|Any CPU
		{40FBE520-1105-47F9-8E57-247AC1A26D10}.Debug|Any CPU.Build.0 = Debug|Any CPU
		{40FBE520-1105-47F9-8E57-247AC1A26D10}.Release|Any CPU.ActiveCfg = Release|Any CPU
		{40FBE520-1105-47F9-8E57-247AC1A26D10}.Release|Any CPU.Build.0 = Release|Any CPU
	EndGlobalSection
	GlobalSection(SolutionProperties) = preSolution
		HideSolutionNode = FALSE
	EndGlobalSection
	GlobalSection(ExtensibilityGlobals) = postSolution
		SolutionGuid = {6EA6C285-C13A-4C0E-863C-99790F722C71}
	EndGlobalSection
EndGlobal
